<Solution>
  <Folder Name="/src/">
    <Project Path="src/BabaPlay.Api/BabaPlay.Api.csproj" />
    <Project Path="src/BabaPlay.Application/BabaPlay.Application.csproj" />
    <Project Path="src/BabaPlay.Domain/BabaPlay.Domain.csproj" />
    <Project Path="src/BabaPlay.Infrastructure/BabaPlay.Infrastructure.csproj" />
    <Project Path="src/BabaPlay.Tests/BabaPlay.Tests.csproj" />
  </Folder>
</Solution>
